
Microsoft Visual Studio Solution File, Format Version 12.00
# Visual Studio Version 16
VisualStudioVersion = 16.0.30011.22
MinimumVisualStudioVersion = 10.0.40219.1
Project("{FAE04EC0-301F-11D3-BF4B-00C04F79EFBC}") = "myshop", "myshop\myshop.csproj", "{C7EEE5AF-9213-48D2-9632-D743E030E11B}"
EndProject
Global
	GlobalSection(SolutionConfigurationPlatforms) = preSolution
		Debug|Any CPU = Debug|Any CPU
		Release|Any CPU = Release|Any CPU
	EndGlobalSection
	GlobalSection(ProjectConfigurationPlatforms) = postSolution
		{C7EEE5AF-9213-48D2-9632-D743E030E11B}.Debug|Any CPU.ActiveCfg = Debug|Any CPU
		{C7EEE5AF-9213-48D2-9632-D743E030E11B}.Debug|Any CPU.Build.0 = Debug|Any CPU
		{C7EEE5AF-9213-48D2-9632-D743E030E11B}.Release|Any CPU.ActiveCfg = Release|Any CPU
		{C7EEE5AF-9213-48D2-9632-D743E030E11B}.Release|Any CPU.Build.0 = Release|Any CPU
	EndGlobalSection
	GlobalSection(SolutionProperties) = preSolution
		HideSolutionNode = FALSE
	EndGlobalSection
	GlobalSection(ExtensibilityGlobals) = postSolution
		SolutionGuid = {C71EC170-3C77-406F-8EC6-64ED728F87C8}
	EndGlobalSection
EndGlobal
